
Microsoft Visual Studio Solution File, Format Version 12.00
# Visual Studio 15
VisualStudioVersion = 15.0.27130.2010
MinimumVisualStudioVersion = 10.0.40219.1
Project("{FAE04EC0-301F-11D3-BF4B-00C04F79EFBC}") = "CherwellTriangles", "CherwellTriangles\CherwellTriangles.csproj", "{FB8502F5-096E-435F-8197-E6E799E6F6EF}"
EndProject
Global
	GlobalSection(SolutionConfigurationPlatforms) = preSolution
		Debug|Any CPU = Debug|Any CPU
		Release|Any CPU = Release|Any CPU
	EndGlobalSection
	GlobalSection(ProjectConfigurationPlatforms) = postSolution
		{FB8502F5-096E-435F-8197-E6E799E6F6EF}.Debug|Any CPU.ActiveCfg = Debug|Any CPU
		{FB8502F5-096E-435F-8197-E6E799E6F6EF}.Debug|Any CPU.Build.0 = Debug|Any CPU
		{FB8502F5-096E-435F-8197-E6E799E6F6EF}.Release|Any CPU.ActiveCfg = Release|Any CPU
		{FB8502F5-096E-435F-8197-E6E799E6F6EF}.Release|Any CPU.Build.0 = Release|Any CPU
	EndGlobalSection
	GlobalSection(SolutionProperties) = preSolution
		HideSolutionNode = FALSE
	EndGlobalSection
	GlobalSection(ExtensibilityGlobals) = postSolution
		SolutionGuid = {96D1FA5C-A57D-46E6-AFD2-9102C76C618F}
	EndGlobalSection
EndGlobal
